
Microsoft Visual Studio Solution File, Format Version 12.00
# Visual Studio 2017
Project("{FAE04EC0-301F-11D3-BF4B-00C04F79EFBC}") = "The Box", "The Box.csproj", "{E48E54A8-773B-A4F2-F3A1-365221B3FAFF}"
EndProject
Global
	GlobalSection(SolutionConfigurationPlatforms) = preSolution
		Debug|Any CPU = Debug|Any CPU
		Release|Any CPU = Release|Any CPU
	EndGlobalSection
	GlobalSection(ProjectConfigurationPlatforms) = postSolution
		{E48E54A8-773B-A4F2-F3A1-365221B3FAFF}.Debug|Any CPU.ActiveCfg = Debug|Any CPU
		{E48E54A8-773B-A4F2-F3A1-365221B3FAFF}.Debug|Any CPU.Build.0 = Debug|Any CPU
		{E48E54A8-773B-A4F2-F3A1-365221B3FAFF}.Release|Any CPU.ActiveCfg = Release|Any CPU
		{E48E54A8-773B-A4F2-F3A1-365221B3FAFF}.Release|Any CPU.Build.0 = Release|Any CPU
	EndGlobalSection
	GlobalSection(SolutionProperties) = preSolution
		HideSolutionNode = FALSE
	EndGlobalSection
EndGlobal
